{
  "name": "usingMypackage",
  "version": "1.0.0",
  "lockfileVersion": 1,
  "requires": true,
  "dependencies": {
    "addeng-up": {
      "version": "1.0.0",
      "resolved": "https://registry.npmjs.org/addeng-up/-/addeng-up-1.0.0.tgz",
      "integrity": "sha512-oyrx3CPSQ4UvNF89BTybAoFl/yLSz2RFCQUYXyG1Feh72OF5GcnL917nQLR+Dn3NiIt4MaEh94H+e0aae51IIw=="
    }
  }
}
